
Microsoft Visual Studio Solution File, Format Version 12.00
# Visual Studio Version 17
VisualStudioVersion = 17.12.35707.178
MinimumVisualStudioVersion = 10.0.40219.1
Project("{FAE04EC0-301F-11D3-BF4B-00C04F79EFBC}") = "APIGeradorSudoku", "APIGeradorSudoku.csproj", "{44139FF8-BBB6-47CD-8ACC-CC45167B0EB1}"
EndProject
Project("{FAE04EC0-301F-11D3-BF4B-00C04F79EFBC}") = "APIGeradorSudoku.UnitTests", "..\APIGeradorSudoku.Tests\APIGeradorSudoku.UnitTests.csproj", "{46B4D76A-378D-4D30-8F56-DD22161E4D30}"
EndProject
Global
	GlobalSection(SolutionConfigurationPlatforms) = preSolution
		Debug|Any CPU = Debug|Any CPU
		Release|Any CPU = Release|Any CPU
	EndGlobalSection
	GlobalSection(ProjectConfigurationPlatforms) = postSolution
		{44139FF8-BBB6-47CD-8ACC-CC45167B0EB1}.Debug|Any CPU.ActiveCfg = Debug|Any CPU
		{44139FF8-BBB6-47CD-8ACC-CC45167B0EB1}.Debug|Any CPU.Build.0 = Debug|Any CPU
		{44139FF8-BBB6-47CD-8ACC-CC45167B0EB1}.Release|Any CPU.ActiveCfg = Release|Any CPU
		{44139FF8-BBB6-47CD-8ACC-CC45167B0EB1}.Release|Any CPU.Build.0 = Release|Any CPU
		{46B4D76A-378D-4D30-8F56-DD22161E4D30}.Debug|Any CPU.ActiveCfg = Debug|Any CPU
		{46B4D76A-378D-4D30-8F56-DD22161E4D30}.Debug|Any CPU.Build.0 = Debug|Any CPU
		{46B4D76A-378D-4D30-8F56-DD22161E4D30}.Release|Any CPU.ActiveCfg = Release|Any CPU
		{46B4D76A-378D-4D30-8F56-DD22161E4D30}.Release|Any CPU.Build.0 = Release|Any CPU
	EndGlobalSection
	GlobalSection(SolutionProperties) = preSolution
		HideSolutionNode = FALSE
	EndGlobalSection
EndGlobal
